
Microsoft Visual Studio Solution File, Format Version 12.00
# Visual Studio 15
VisualStudioVersion = 15.0.28307.329
MinimumVisualStudioVersion = 10.0.40219.1
Project("{FAE04EC0-301F-11D3-BF4B-00C04F79EFBC}") = "AntonioStd", "AntonioStd\AntonioStd.csproj", "{16799912-C969-4960-87D7-7F1B5B4D758A}"
EndProject
Project("{FAE04EC0-301F-11D3-BF4B-00C04F79EFBC}") = "AntonioStdTests", "AntonioStdTests\AntonioStdTests.csproj", "{5E9D07E0-0A77-40AF-803D-C78192FFAAD0}"
EndProject
Global
	GlobalSection(SolutionConfigurationPlatforms) = preSolution
		Debug|Any CPU = Debug|Any CPU
		Release|Any CPU = Release|Any CPU
	EndGlobalSection
	GlobalSection(ProjectConfigurationPlatforms) = postSolution
		{16799912-C969-4960-87D7-7F1B5B4D758A}.Debug|Any CPU.ActiveCfg = Debug|Any CPU
		{16799912-C969-4960-87D7-7F1B5B4D758A}.Debug|Any CPU.Build.0 = Debug|Any CPU
		{16799912-C969-4960-87D7-7F1B5B4D758A}.Release|Any CPU.ActiveCfg = Release|Any CPU
		{16799912-C969-4960-87D7-7F1B5B4D758A}.Release|Any CPU.Build.0 = Release|Any CPU
		{5E9D07E0-0A77-40AF-803D-C78192FFAAD0}.Debug|Any CPU.ActiveCfg = Debug|Any CPU
		{5E9D07E0-0A77-40AF-803D-C78192FFAAD0}.Debug|Any CPU.Build.0 = Debug|Any CPU
		{5E9D07E0-0A77-40AF-803D-C78192FFAAD0}.Release|Any CPU.ActiveCfg = Release|Any CPU
		{5E9D07E0-0A77-40AF-803D-C78192FFAAD0}.Release|Any CPU.Build.0 = Release|Any CPU
	EndGlobalSection
	GlobalSection(SolutionProperties) = preSolution
		HideSolutionNode = FALSE
	EndGlobalSection
	GlobalSection(ExtensibilityGlobals) = postSolution
		SolutionGuid = {0667B849-9AAF-4C6E-9632-447E3D0E5831}
	EndGlobalSection
EndGlobal
